
Microsoft Visual Studio Solution File, Format Version 12.00
# Visual Studio 15
VisualStudioVersion = 15.0.26430.14
MinimumVisualStudioVersion = 10.0.40219.1
Project("{FAE04EC0-301F-11D3-BF4B-00C04F79EFBC}") = "DBUtility.UI", "DBUtility.UI\DBUtility.UI.csproj", "{4205971F-39E0-4ED6-BD04-A40DF7BFC7B7}"
EndProject
Project("{FAE04EC0-301F-11D3-BF4B-00C04F79EFBC}") = "DBUtility.Core", "DBUtility.Core\DBUtility.Core.csproj", "{48FB087E-7818-46E4-BF1E-1FBDAD8A4D7E}"
EndProject
Project("{FAE04EC0-301F-11D3-BF4B-00C04F79EFBC}") = "DBUtility.WebUI", "DBUtility.WebUI\DBUtility.WebUI.csproj", "{83DD1113-0AB5-48FA-AC3F-48CCFAFC7C83}"
EndProject
Global
	GlobalSection(SolutionConfigurationPlatforms) = preSolution
		Debug|Any CPU = Debug|Any CPU
		Release|Any CPU = Release|Any CPU
	EndGlobalSection
	GlobalSection(ProjectConfigurationPlatforms) = postSolution
		{4205971F-39E0-4ED6-BD04-A40DF7BFC7B7}.Debug|Any CPU.ActiveCfg = Debug|Any CPU
		{4205971F-39E0-4ED6-BD04-A40DF7BFC7B7}.Debug|Any CPU.Build.0 = Debug|Any CPU
		{4205971F-39E0-4ED6-BD04-A40DF7BFC7B7}.Release|Any CPU.ActiveCfg = Release|Any CPU
		{4205971F-39E0-4ED6-BD04-A40DF7BFC7B7}.Release|Any CPU.Build.0 = Release|Any CPU
		{48FB087E-7818-46E4-BF1E-1FBDAD8A4D7E}.Debug|Any CPU.ActiveCfg = Debug|Any CPU
		{48FB087E-7818-46E4-BF1E-1FBDAD8A4D7E}.Debug|Any CPU.Build.0 = Debug|Any CPU
		{48FB087E-7818-46E4-BF1E-1FBDAD8A4D7E}.Release|Any CPU.ActiveCfg = Release|Any CPU
		{48FB087E-7818-46E4-BF1E-1FBDAD8A4D7E}.Release|Any CPU.Build.0 = Release|Any CPU
		{83DD1113-0AB5-48FA-AC3F-48CCFAFC7C83}.Debug|Any CPU.ActiveCfg = Debug|Any CPU
		{83DD1113-0AB5-48FA-AC3F-48CCFAFC7C83}.Debug|Any CPU.Build.0 = Debug|Any CPU
		{83DD1113-0AB5-48FA-AC3F-48CCFAFC7C83}.Release|Any CPU.ActiveCfg = Release|Any CPU
		{83DD1113-0AB5-48FA-AC3F-48CCFAFC7C83}.Release|Any CPU.Build.0 = Release|Any CPU
	EndGlobalSection
	GlobalSection(SolutionProperties) = preSolution
		HideSolutionNode = FALSE
	EndGlobalSection
EndGlobal
